
Microsoft Visual Studio Solution File, Format Version 12.00
# Visual Studio Version 16
VisualStudioVersion = 16.0.29911.84
MinimumVisualStudioVersion = 10.0.40219.1
Project("{FAE04EC0-301F-11D3-BF4B-00C04F79EFBC}") = "mi primer repositorio", "mi primer repositorio\mi primer repositorio.csproj", "{B6599693-3D2C-4319-8DD6-F1900A6294DB}"
EndProject
Global
	GlobalSection(SolutionConfigurationPlatforms) = preSolution
		Debug|Any CPU = Debug|Any CPU
		Release|Any CPU = Release|Any CPU
	EndGlobalSection
	GlobalSection(ProjectConfigurationPlatforms) = postSolution
		{B6599693-3D2C-4319-8DD6-F1900A6294DB}.Debug|Any CPU.ActiveCfg = Debug|Any CPU
		{B6599693-3D2C-4319-8DD6-F1900A6294DB}.Debug|Any CPU.Build.0 = Debug|Any CPU
		{B6599693-3D2C-4319-8DD6-F1900A6294DB}.Release|Any CPU.ActiveCfg = Release|Any CPU
		{B6599693-3D2C-4319-8DD6-F1900A6294DB}.Release|Any CPU.Build.0 = Release|Any CPU
	EndGlobalSection
	GlobalSection(SolutionProperties) = preSolution
		HideSolutionNode = FALSE
	EndGlobalSection
	GlobalSection(ExtensibilityGlobals) = postSolution
		SolutionGuid = {4E96D1CE-2CB1-4A46-8191-32FEB211D459}
	EndGlobalSection
EndGlobal
